
Microsoft Visual Studio Solution File, Format Version 12.00
# Visual Studio Version 17
VisualStudioVersion = 17.8.34322.80
MinimumVisualStudioVersion = 10.0.40219.1
Project("{FAE04EC0-301F-11D3-BF4B-00C04F79EFBC}") = "EFCoreBasics", "EFCoreBasics\EFCoreBasics.csproj", "{A25D15CF-A341-44B8-86A7-984C37EEB759}"
EndProject
Global
	GlobalSection(SolutionConfigurationPlatforms) = preSolution
		Debug|Any CPU = Debug|Any CPU
		Release|Any CPU = Release|Any CPU
	EndGlobalSection
	GlobalSection(ProjectConfigurationPlatforms) = postSolution
		{A25D15CF-A341-44B8-86A7-984C37EEB759}.Debug|Any CPU.ActiveCfg = Debug|Any CPU
		{A25D15CF-A341-44B8-86A7-984C37EEB759}.Debug|Any CPU.Build.0 = Debug|Any CPU
		{A25D15CF-A341-44B8-86A7-984C37EEB759}.Release|Any CPU.ActiveCfg = Release|Any CPU
		{A25D15CF-A341-44B8-86A7-984C37EEB759}.Release|Any CPU.Build.0 = Release|Any CPU
	EndGlobalSection
	GlobalSection(SolutionProperties) = preSolution
		HideSolutionNode = FALSE
	EndGlobalSection
	GlobalSection(ExtensibilityGlobals) = postSolution
		SolutionGuid = {B7ADE98E-AE16-4D5E-B0BF-C5CEB287A7E2}
	EndGlobalSection
EndGlobal
